
Microsoft Visual Studio Solution File, Format Version 12.00
# Visual Studio 15
VisualStudioVersion = 15.0.28010.2026
MinimumVisualStudioVersion = 10.0.40219.1
Project("{FAE04EC0-301F-11D3-BF4B-00C04F79EFBC}") = "BackEnd", "BackEnd\BackEnd.csproj", "{FC776255-2C70-4B5A-9FA1-7B9B4D26FD51}"
EndProject
Project("{FAE04EC0-301F-11D3-BF4B-00C04F79EFBC}") = "WebAssignment3", "WebAssignment3\WebAssignment3.csproj", "{DE4609D6-E3B8-4F0F-B584-20F5A1CA1A0A}"
EndProject
Project("{FAE04EC0-301F-11D3-BF4B-00C04F79EFBC}") = "AuthenticationHelper", "AuthenticationHelper\AuthenticationHelper.csproj", "{99651DFB-BAD4-4B51-BC53-A0E863E31C49}"
EndProject
Global
	GlobalSection(SolutionConfigurationPlatforms) = preSolution
		Debug|Any CPU = Debug|Any CPU
		Release|Any CPU = Release|Any CPU
	EndGlobalSection
	GlobalSection(ProjectConfigurationPlatforms) = postSolution
		{FC776255-2C70-4B5A-9FA1-7B9B4D26FD51}.Debug|Any CPU.ActiveCfg = Debug|Any CPU
		{FC776255-2C70-4B5A-9FA1-7B9B4D26FD51}.Debug|Any CPU.Build.0 = Debug|Any CPU
		{FC776255-2C70-4B5A-9FA1-7B9B4D26FD51}.Release|Any CPU.ActiveCfg = Release|Any CPU
		{FC776255-2C70-4B5A-9FA1-7B9B4D26FD51}.Release|Any CPU.Build.0 = Release|Any CPU
		{DE4609D6-E3B8-4F0F-B584-20F5A1CA1A0A}.Debug|Any CPU.ActiveCfg = Debug|Any CPU
		{DE4609D6-E3B8-4F0F-B584-20F5A1CA1A0A}.Debug|Any CPU.Build.0 = Debug|Any CPU
		{DE4609D6-E3B8-4F0F-B584-20F5A1CA1A0A}.Release|Any CPU.ActiveCfg = Release|Any CPU
		{DE4609D6-E3B8-4F0F-B584-20F5A1CA1A0A}.Release|Any CPU.Build.0 = Release|Any CPU
		{99651DFB-BAD4-4B51-BC53-A0E863E31C49}.Debug|Any CPU.ActiveCfg = Debug|Any CPU
		{99651DFB-BAD4-4B51-BC53-A0E863E31C49}.Debug|Any CPU.Build.0 = Debug|Any CPU
		{99651DFB-BAD4-4B51-BC53-A0E863E31C49}.Release|Any CPU.ActiveCfg = Release|Any CPU
		{99651DFB-BAD4-4B51-BC53-A0E863E31C49}.Release|Any CPU.Build.0 = Release|Any CPU
	EndGlobalSection
	GlobalSection(SolutionProperties) = preSolution
		HideSolutionNode = FALSE
	EndGlobalSection
	GlobalSection(ExtensibilityGlobals) = postSolution
		SolutionGuid = {5A38AFB0-81C7-4358-9974-353A51372B23}
	EndGlobalSection
EndGlobal
